
Microsoft Visual Studio Solution File, Format Version 12.00
# Visual Studio 15
VisualStudioVersion = 15.0.28307.1022
MinimumVisualStudioVersion = 10.0.40219.1
Project("{FAE04EC0-301F-11D3-BF4B-00C04F79EFBC}") = "Task4", "Task4\Task4.csproj", "{F9B8B73A-1DCB-4DF4-A520-E96AC3139008}"
EndProject
Global
	GlobalSection(SolutionConfigurationPlatforms) = preSolution
		Debug|Any CPU = Debug|Any CPU
		Release|Any CPU = Release|Any CPU
	EndGlobalSection
	GlobalSection(ProjectConfigurationPlatforms) = postSolution
		{F9B8B73A-1DCB-4DF4-A520-E96AC3139008}.Debug|Any CPU.ActiveCfg = Debug|Any CPU
		{F9B8B73A-1DCB-4DF4-A520-E96AC3139008}.Debug|Any CPU.Build.0 = Debug|Any CPU
		{F9B8B73A-1DCB-4DF4-A520-E96AC3139008}.Release|Any CPU.ActiveCfg = Release|Any CPU
		{F9B8B73A-1DCB-4DF4-A520-E96AC3139008}.Release|Any CPU.Build.0 = Release|Any CPU
	EndGlobalSection
	GlobalSection(SolutionProperties) = preSolution
		HideSolutionNode = FALSE
	EndGlobalSection
	GlobalSection(ExtensibilityGlobals) = postSolution
		SolutionGuid = {486B0DDC-1228-4CFF-B577-D0C260C1FD64}
	EndGlobalSection
EndGlobal
